
Microsoft Visual Studio Solution File, Format Version 12.00
# Visual Studio Version 16
VisualStudioVersion = 16.0.32106.194
MinimumVisualStudioVersion = 10.0.40219.1
Project("{FAE04EC0-301F-11D3-BF4B-00C04F79EFBC}") = "RevitAPI_App8_3", "RevitAPI_App8_3\RevitAPI_App8_3.csproj", "{5D437B89-6091-4A8A-A718-7F2065FFACA0}"
EndProject
Global
	GlobalSection(SolutionConfigurationPlatforms) = preSolution
		Debug|Any CPU = Debug|Any CPU
		Release|Any CPU = Release|Any CPU
	EndGlobalSection
	GlobalSection(ProjectConfigurationPlatforms) = postSolution
		{5D437B89-6091-4A8A-A718-7F2065FFACA0}.Debug|Any CPU.ActiveCfg = Debug|Any CPU
		{5D437B89-6091-4A8A-A718-7F2065FFACA0}.Debug|Any CPU.Build.0 = Debug|Any CPU
		{5D437B89-6091-4A8A-A718-7F2065FFACA0}.Release|Any CPU.ActiveCfg = Release|Any CPU
		{5D437B89-6091-4A8A-A718-7F2065FFACA0}.Release|Any CPU.Build.0 = Release|Any CPU
	EndGlobalSection
	GlobalSection(SolutionProperties) = preSolution
		HideSolutionNode = FALSE
	EndGlobalSection
	GlobalSection(ExtensibilityGlobals) = postSolution
		SolutionGuid = {D85AE79E-14F4-46BD-A530-8BA5EE3D7E9F}
	EndGlobalSection
EndGlobal
